# THIS IS AN AUTOGENERATED FILE. DO NOT EDIT THIS FILE DIRECTLY.
# yarn lockfile v1


"@arktypes/google-ad-manager-api@^1.1.14":
  version "1.1.14"
  resolved "https://npm.pkg.github.com/download/@arktypes/google-ad-manager-api/1.1.14/ce126b9e0035243cf0953e82f7766f6f0baf6479#ce126b9e0035243cf0953e82f7766f6f0baf6479"
  integrity sha512-3rWLuJHBlxQBSvmPNVf9iHzw2D7UcIl2SnzyYc7JFoXnA/Y5UIiONoTkckga80c8sPWWyoO4/xMhqbGkG8LGQw==

"@cspotcode/source-map-support@^0.8.0":
  version "0.8.1"
  resolved "https://registry.yarnpkg.com/@cspotcode/source-map-support/-/source-map-support-0.8.1.tgz#00629c35a688e05a88b1cda684fb9d5e73f000a1"
  integrity sha512-IchNf6dN4tHoMFIn/7OE8LWZ19Y6q/67Bmf6vnGREv8RSbBVb9LPJxEcnwrcwX6ixSvaiGoomAUvu4YSxXrVgw==
  dependencies:
    "@jridgewell/trace-mapping" "0.3.9"

"@jridgewell/resolve-uri@^3.0.3":
  version "3.1.1"
  resolved "https://registry.yarnpkg.com/@jridgewell/resolve-uri/-/resolve-uri-3.1.1.tgz#c08679063f279615a3326583ba3a90d1d82cc721"
  integrity sha512-dSYZh7HhCDtCKm4QakX0xFpsRDqjjtZf/kjI/v3T3Nwt5r8/qz/M19F9ySyOqU94SXBmeG9ttTul+YnR4LOxFA==

"@jridgewell/sourcemap-codec@^1.4.10":
  version "1.4.15"
  resolved "https://registry.yarnpkg.com/@jridgewell/sourcemap-codec/-/sourcemap-codec-1.4.15.tgz#d7c6e6755c78567a951e04ab52ef0fd26de59f32"
  integrity sha512-eF2rxCRulEKXHTRiDrDy6erMYWqNw4LPdQ8UQA4huuxaQsVeRPFl2oM8oDGxMFhJUWZf9McpLtJasDDZb/Bpeg==

"@jridgewell/trace-mapping@0.3.9":
  version "0.3.9"
  resolved "https://registry.yarnpkg.com/@jridgewell/trace-mapping/-/trace-mapping-0.3.9.tgz#6534fd5933a53ba7cbf3a17615e273a0d1273ff9"
  integrity sha512-3Belt6tdc8bPgAtbcmdtNJlirVoTmEb5e2gC94PnkwEW9jI6CAHUeoG85tjWP5WquqfavoMtMwiG4P926ZKKuQ==
  dependencies:
    "@jridgewell/resolve-uri" "^3.0.3"
    "@jridgewell/sourcemap-codec" "^1.4.10"

"@tsconfig/node10@^1.0.7":
  version "1.0.9"
  resolved "https://registry.yarnpkg.com/@tsconfig/node10/-/node10-1.0.9.tgz#df4907fc07a886922637b15e02d4cebc4c0021b2"
  integrity sha512-jNsYVVxU8v5g43Erja32laIDHXeoNvFEpX33OK4d6hljo3jDhCBDhx5dhCCTMWUojscpAagGiRkBKxpdl9fxqA==

"@tsconfig/node12@^1.0.7":
  version "1.0.11"
  resolved "https://registry.yarnpkg.com/@tsconfig/node12/-/node12-1.0.11.tgz#ee3def1f27d9ed66dac6e46a295cffb0152e058d"
  integrity sha512-cqefuRsh12pWyGsIoBKJA9luFu3mRxCA+ORZvA4ktLSzIuCUtWVxGIuXigEwO5/ywWFMZ2QEGKWvkZG1zDMTag==

"@tsconfig/node14@^1.0.0":
  version "1.0.3"
  resolved "https://registry.yarnpkg.com/@tsconfig/node14/-/node14-1.0.3.tgz#e4386316284f00b98435bf40f72f75a09dabf6c1"
  integrity sha512-ysT8mhdixWK6Hw3i1V2AeRqZ5WfXg1G43mqoYlM2nc6388Fq5jcXyr5mRsqViLx/GJYdoL0bfXD8nmF+Zn/Iow==

"@tsconfig/node16@^1.0.2":
  version "1.0.4"
  resolved "https://registry.yarnpkg.com/@tsconfig/node16/-/node16-1.0.4.tgz#0b92dcc0cc1c81f6f306a381f28e31b1a56536e9"
  integrity sha512-vxhUy4J8lyeyinH7Azl1pdd43GJhZH/tP2weN8TntQblOY+A0XbT8DJk1/oCPuOOyg/Ja757rG0CgHcWC8OfMA==

"@types/bluebird@^3.5.39":
  version "3.5.39"
  resolved "https://registry.npmjs.org/@types/bluebird/-/bluebird-3.5.39.tgz"
  integrity sha512-0h2lKudcFwHih8NHAgt/uyAIUQDO0AdfJYlWBXD8r+gFDulUi2CMZoQSh2Q5ol1FMaHV9k7/4HtcbA8ABtexmA==

"@types/caseless@*":
  version "0.12.3"
  resolved "https://registry.npmjs.org/@types/caseless/-/caseless-0.12.3.tgz"
  integrity sha512-ZD/NsIJYq/2RH+hY7lXmstfp/v9djGt9ah+xRQ3pcgR79qiKsG4pLl25AI7IcXxVO8dH9GiBE5rAknC0ePntlw==

"@types/node@*":
  version "20.7.0"
  resolved "https://registry.npmjs.org/@types/node/-/node-20.7.0.tgz"
  integrity sha512-zI22/pJW2wUZOVyguFaUL1HABdmSVxpXrzIqkjsHmyUjNhPoWM1CKfvVuXfetHhIok4RY573cqS0mZ1SJEnoTg==

"@types/node@^20.7.1":
  version "20.7.1"
  resolved "https://registry.yarnpkg.com/@types/node/-/node-20.7.1.tgz#06d732ead0bd5ad978ef0ea9cbdeb24dc8717514"
  integrity sha512-LT+OIXpp2kj4E2S/p91BMe+VgGX2+lfO+XTpfXhh+bCk2LkQtHZSub8ewFBMGP5ClysPjTDFa4sMI8Q3n4T0wg==

"@types/request@^2.48.9":
  version "2.48.9"
  resolved "https://registry.yarnpkg.com/@types/request/-/request-2.48.9.tgz#43e123e93b10bd740a298e25430de6fab7e726c2"
  integrity sha512-4mi2hYsvPAhe8RXjk5DKB09sAUzbK68T2XjORehHdWyxFoX2zUnfi1VQ5wU4Md28H/5+uB4DkxY9BS4B87N/0A==
  dependencies:
    "@types/caseless" "*"
    "@types/node" "*"
    "@types/tough-cookie" "*"
    form-data "^2.5.0"

"@types/sax@^1.2.5":
  version "1.2.5"
  resolved "https://registry.yarnpkg.com/@types/sax/-/sax-1.2.5.tgz#4392799e1770d24b6dc8d0c66c8882f8e1c38b3d"
  integrity sha512-9jWta97bBVC027/MShr3gLab8gPhKy4l6qpb+UJLF5pDm3501NvA7uvqVCW+REFtx00oTi6Cq9JzLwgq6evVgw==
  dependencies:
    "@types/node" "*"

"@types/tough-cookie@*":
  version "4.0.3"
  resolved "https://registry.npmjs.org/@types/tough-cookie/-/tough-cookie-4.0.3.tgz"
  integrity sha512-THo502dA5PzG/sfQH+42Lw3fvmYkceefOspdCwpHRul8ik2Jv1K8I5OZz1AT3/rs46kwgMCe9bSBmDLYkkOMGg==

"@xmldom/xmldom@^0.8.8":
  version "0.8.10"
  resolved "https://registry.npmjs.org/@xmldom/xmldom/-/xmldom-0.8.10.tgz"
  integrity sha512-2WALfTl4xo2SkGCYRt6rDTFfk9R1czmBvUQy12gK2KuRKIpWEhcbbzy8EZXtz/jkRqHX8bFEc6FC1HjX4TUWYw==

acorn-walk@^8.1.1:
  version "8.2.0"
  resolved "https://registry.yarnpkg.com/acorn-walk/-/acorn-walk-8.2.0.tgz#741210f2e2426454508853a2f44d0ab83b7f69c1"
  integrity sha512-k+iyHEuPgSw6SbuDpGQM+06HQUa04DZ3o+F6CSzXMvvI5KMvnaEqXe+YVe555R9nn6GPt404fos4wcgpw12SDA==

acorn@^8.4.1:
  version "8.10.0"
  resolved "https://registry.yarnpkg.com/acorn/-/acorn-8.10.0.tgz#8be5b3907a67221a81ab23c7889c4c5526b62ec5"
  integrity sha512-F0SAmZ8iUtS//m8DmCTA0jlh6TDKkHQyK6xc6V4KDTyZKA9dnvX9/3sRTVQrWm79glUAZbnmmNcdYwUIHWVybw==

arg@^4.1.0:
  version "4.1.3"
  resolved "https://registry.yarnpkg.com/arg/-/arg-4.1.3.tgz#269fc7ad5b8e42cb63c896d5666017261c144089"
  integrity sha512-58S9QDqG0Xx27YwPSt9fJxivjYl432YCwfDMfZ+71RAqUrZef7LrKQZ3LHLOwCS4FLNBplP533Zx895SeOCHvA==

asap@^2.0.0:
  version "2.0.6"
  resolved "https://registry.npmjs.org/asap/-/asap-2.0.6.tgz"
  integrity sha512-BSHWgDSAiKs50o2Re8ppvp3seVHXSRM44cdSsT9FfNEUUZLOGWVCsiWaRPWM1Znn+mqZ1OfVZ3z3DWEzSp7hRA==

asynckit@^0.4.0:
  version "0.4.0"
  resolved "https://registry.npmjs.org/asynckit/-/asynckit-0.4.0.tgz"
  integrity sha512-Oei9OH4tRh0YqU3GxhX79dM/mwVgvbZJaSNaRk+bshkj0S5cfHcgYakreBjrHwatXKbz+IoIdYLxrKim2MjW0Q==

axios-ntlm@^1.2.0:
  version "1.4.1"
  resolved "https://registry.npmjs.org/axios-ntlm/-/axios-ntlm-1.4.1.tgz"
  integrity sha512-6dKPhsfxONR3PyXFMsUM5g55cYNKifgkV2NV+ZesAHryKLeO+WhNgSnJecDER6jGUCl13OEhu8tCOLUMJFMGEQ==
  dependencies:
    axios "^1.3.2"
    des.js "^1.0.1"
    dev-null "^0.1.1"
    js-md4 "^0.3.2"

axios@^1.3.2:
  version "1.5.1"
  resolved "https://registry.npmjs.org/axios/-/axios-1.5.1.tgz"
  integrity sha512-Q28iYCWzNHjAm+yEAot5QaAMxhMghWLFVf7rRdwhUI+c2jix2DUXjAHXVi+s1ibs3mjPO/cCgbA++3BjD0vP/A==
  dependencies:
    follow-redirects "^1.15.0"
    form-data "^4.0.0"
    proxy-from-env "^1.1.0"

combined-stream@^1.0.6, combined-stream@^1.0.8:
  version "1.0.8"
  resolved "https://registry.npmjs.org/combined-stream/-/combined-stream-1.0.8.tgz"
  integrity sha512-FQN4MRfuJeHf7cBbBMJFXhKSDq+2kAArBlmRBvcvFE5BB1HZKXtSFASDhdlz9zOYwxh8lDdnvmMOe/+5cdoEdg==
  dependencies:
    delayed-stream "~1.0.0"

create-require@^1.1.0:
  version "1.1.1"
  resolved "https://registry.yarnpkg.com/create-require/-/create-require-1.1.1.tgz#c1d7e8f1e5f6cfc9ff65f9cd352d37348756c333"
  integrity sha512-dcKFX3jn0MpIaXjisoRvexIJVEKzaq7z2rZKxf+MSr9TkdmHmsU4m2lcLojrj/FHl8mk5VxMmYA+ftRkP/3oKQ==

debug@^4.3.2:
  version "4.3.4"
  resolved "https://registry.npmjs.org/debug/-/debug-4.3.4.tgz"
  integrity sha512-PRWFHuSU3eDtQJPvnNY7Jcket1j0t5OuOsFzPPzsekD52Zl8qUfFIPEiswXqIvHWGVHOgX+7G/vCNNhehwxfkQ==
  dependencies:
    ms "2.1.2"

delayed-stream@~1.0.0:
  version "1.0.0"
  resolved "https://registry.npmjs.org/delayed-stream/-/delayed-stream-1.0.0.tgz"
  integrity sha512-ZySD7Nf91aLB0RxL4KGrKHBXl7Eds1DAmEdcoVawXnLD7SDhpNgtuII2aAkg7a7QS41jxPSZ17p4VdGnMHk3MQ==

des.js@^1.0.1:
  version "1.1.0"
  resolved "https://registry.npmjs.org/des.js/-/des.js-1.1.0.tgz"
  integrity sha512-r17GxjhUCjSRy8aiJpr8/UadFIzMzJGexI3Nmz4ADi9LYSFx4gTBp80+NaX/YsXWWLhpZ7v/v/ubEc/bCNfKwg==
  dependencies:
    inherits "^2.0.1"
    minimalistic-assert "^1.0.0"

dev-null@^0.1.1:
  version "0.1.1"
  resolved "https://registry.npmjs.org/dev-null/-/dev-null-0.1.1.tgz"
  integrity sha512-nMNZG0zfMgmdv8S5O0TM5cpwNbGKRGPCxVsr0SmA3NZZy9CYBbuNLL0PD3Acx9e5LIUgwONXtM9kM6RlawPxEQ==

dezalgo@^1.0.4:
  version "1.0.4"
  resolved "https://registry.npmjs.org/dezalgo/-/dezalgo-1.0.4.tgz"
  integrity sha512-rXSP0bf+5n0Qonsb+SVVfNfIsimO4HEtmnIpPHY8Q1UCzKlQrDMfdobr8nJOOsRgWCyMRqeSBQzmWUMq7zvVig==
  dependencies:
    asap "^2.0.0"
    wrappy "1"

diff@^4.0.1:
  version "4.0.2"
  resolved "https://registry.yarnpkg.com/diff/-/diff-4.0.2.tgz#60f3aecb89d5fae520c11aa19efc2bb982aade7d"
  integrity sha512-58lmxKSA4BNyLz+HHMUzlOEpg09FV+ev6ZMe3vJihgdxzgcwZ8VoEEPmALCZG9LmqfVoNMMKpttIYTVG6uDY7A==

follow-redirects@^1.15.0:
  version "1.15.3"
  resolved "https://registry.npmjs.org/follow-redirects/-/follow-redirects-1.15.3.tgz"
  integrity sha512-1VzOtuEM8pC9SFU1E+8KfTjZyMztRsgEfwQl44z8A25uy13jSzTj6dyK2Df52iV0vgHCfBwLhDWevLn95w5v6Q==

form-data@^2.5.0:
  version "2.5.1"
  resolved "https://registry.npmjs.org/form-data/-/form-data-2.5.1.tgz"
  integrity sha512-m21N3WOmEEURgk6B9GLOE4RuWOFf28Lhh9qGYeNlGq4VDXUlJy2th2slBNU8Gp8EzloYZOibZJ7t5ecIrFSjVA==
  dependencies:
    asynckit "^0.4.0"
    combined-stream "^1.0.6"
    mime-types "^2.1.12"

form-data@^4.0.0:
  version "4.0.0"
  resolved "https://registry.npmjs.org/form-data/-/form-data-4.0.0.tgz"
  integrity sha512-ETEklSGi5t0QMZuiXoA/Q6vcnxcLQP5vdugSpuAyi6SVGi2clPPp+xgEhuMaHC+zGgn31Kd235W35f7Hykkaww==
  dependencies:
    asynckit "^0.4.0"
    combined-stream "^1.0.8"
    mime-types "^2.1.12"

formidable@^3.2.4:
  version "3.5.1"
  resolved "https://registry.npmjs.org/formidable/-/formidable-3.5.1.tgz"
  integrity sha512-WJWKelbRHN41m5dumb0/k8TeAx7Id/y3a+Z7QfhxP/htI9Js5zYaEDtG8uMgG0vM0lOlqnmjE99/kfpOYi/0Og==
  dependencies:
    dezalgo "^1.0.4"
    hexoid "^1.0.0"
    once "^1.4.0"

get-stream@^6.0.1:
  version "6.0.1"
  resolved "https://registry.npmjs.org/get-stream/-/get-stream-6.0.1.tgz"
  integrity sha512-ts6Wi+2j3jQjqi70w5AlN8DFnkSwC+MqmxEzdEALB2qXZYV3X/b1CTfgPLGJNMeAWxdPfU8FO1ms3NUfaHCPYg==

hexoid@^1.0.0:
  version "1.0.0"
  resolved "https://registry.npmjs.org/hexoid/-/hexoid-1.0.0.tgz"
  integrity sha512-QFLV0taWQOZtvIRIAdBChesmogZrtuXvVWsFHZTk2SU+anspqZ2vMnoLg7IE1+Uk16N19APic1BuF8bC8c2m5g==

inherits@^2.0.1:
  version "2.0.4"
  resolved "https://registry.npmjs.org/inherits/-/inherits-2.0.4.tgz"
  integrity sha512-k/vGaX4/Yla3WzyMCvTQOXYeIHvqOKtnqBduzTHpzpQZzAskKMhZ2K+EnBiSM9zGSoIFeMpXKxa4dYeZIQqewQ==

js-md4@^0.3.2:
  version "0.3.2"
  resolved "https://registry.npmjs.org/js-md4/-/js-md4-0.3.2.tgz"
  integrity sha512-/GDnfQYsltsjRswQhN9fhv3EMw2sCpUdrdxyWDOUK7eyD++r3gRhzgiQgc/x4MAv2i1iuQ4lxO5mvqM3vj4bwA==

lodash@^4.17.21:
  version "4.17.21"
  resolved "https://registry.npmjs.org/lodash/-/lodash-4.17.21.tgz"
  integrity sha512-v2kDEe57lecTulaDIuNTPy3Ry4gLGJ6Z1O3vE1krgXZNrsQ+LFTGHVxVjcXPs17LhbZVGedAJv8XZ1tvj5FvSg==

make-error@^1.1.1:
  version "1.3.6"
  resolved "https://registry.yarnpkg.com/make-error/-/make-error-1.3.6.tgz#2eb2e37ea9b67c4891f684a1394799af484cf7a2"
  integrity sha512-s8UhlNe7vPKomQhC1qFelMokr/Sc3AgNbso3n74mVPA5LTZwkB9NlXf4XPamLxJE8h0gh73rM94xvwRT2CVInw==

mime-db@1.52.0:
  version "1.52.0"
  resolved "https://registry.npmjs.org/mime-db/-/mime-db-1.52.0.tgz"
  integrity sha512-sPU4uV7dYlvtWJxwwxHD0PuihVNiE7TyAbQ5SWxDCB9mUYvOgroQOwYQQOKPJ8CIbE+1ETVlOoK1UC2nU3gYvg==

mime-types@^2.1.12:
  version "2.1.35"
  resolved "https://registry.npmjs.org/mime-types/-/mime-types-2.1.35.tgz"
  integrity sha512-ZDY+bPm5zTTF+YpCrAU9nK0UgICYPT0QtT1NZWFv4s++TNkcgVaT0g6+4R2uI4MjQjzysHB1zxuWL50hzaeXiw==
  dependencies:
    mime-db "1.52.0"

minimalistic-assert@^1.0.0:
  version "1.0.1"
  resolved "https://registry.npmjs.org/minimalistic-assert/-/minimalistic-assert-1.0.1.tgz"
  integrity sha512-UtJcAD4yEaGtjPezWuO9wC4nwUnVH/8/Im3yEHQP4b67cXlD/Qr9hdITCU1xDbSEXg2XKNaP8jsReV7vQd00/A==

ms@2.1.2:
  version "2.1.2"
  resolved "https://registry.npmjs.org/ms/-/ms-2.1.2.tgz"
  integrity sha512-sGkPx+VjMtmA6MX27oA4FBFELFCZZ4S4XqeGOXCv68tT+jb3vk/RyaKWP0PTKyWtmLSM0b+adUTEvbs1PEaH2w==

once@^1.4.0:
  version "1.4.0"
  resolved "https://registry.npmjs.org/once/-/once-1.4.0.tgz"
  integrity sha512-lNaJgI+2Q5URQBkccEKHTQOPaXdUxnZZElQTZY0MFUAuaEqe1E+Nyvgdz/aIyNi6Z9MzO5dv1H8n58/GELp3+w==
  dependencies:
    wrappy "1"

proxy-from-env@^1.1.0:
  version "1.1.0"
  resolved "https://registry.npmjs.org/proxy-from-env/-/proxy-from-env-1.1.0.tgz"
  integrity sha512-D+zkORCbA9f1tdWRK0RaCR3GPv50cMxcrz4X8k5LTSUD1Dkw47mKJEZQNunItRTkWwgtaUSo1RVFRIG9ZXiFYg==

sax@>=0.6:
  version "1.3.0"
  resolved "https://registry.npmjs.org/sax/-/sax-1.3.0.tgz"
  integrity sha512-0s+oAmw9zLl1V1cS9BtZN7JAd0cW5e0QH4W3LWEK6a4LaLEA2OTpGYWDY+6XasBLtz6wkm3u1xRw95mRuJ59WA==

soap@^1.0.0:
  version "1.0.0"
  resolved "https://registry.npmjs.org/soap/-/soap-1.0.0.tgz"
  integrity sha512-GB5GuKjWFtAPP0IaM4tKUvdF4dFlaz4iujLPg0DsCy9qAAgm5/g+SI+P9e6igWWwXZ74CC5Uo0VEEz8lte0CJA==
  dependencies:
    axios-ntlm "^1.2.0"
    debug "^4.3.2"
    formidable "^3.2.4"
    get-stream "^6.0.1"
    lodash "^4.17.21"
    sax ">=0.6"
    strip-bom "^3.0.0"
    uuid "^8.3.2"
    whatwg-mimetype "3.0.0"
    xml-crypto "^3.0.0"

strip-bom@^3.0.0:
  version "3.0.0"
  resolved "https://registry.npmjs.org/strip-bom/-/strip-bom-3.0.0.tgz"
  integrity sha512-vavAMRXOgBVNF6nyEEmL3DBK19iRpDcoIwW+swQ+CbGiu7lju6t+JklA1MHweoWtadgt4ISVUsXLyDq34ddcwA==

ts-node@^10.9.1:
  version "10.9.1"
  resolved "https://registry.yarnpkg.com/ts-node/-/ts-node-10.9.1.tgz#e73de9102958af9e1f0b168a6ff320e25adcff4b"
  integrity sha512-NtVysVPkxxrwFGUUxGYhfux8k78pQB3JqYBXlLRZgdGUqTO5wU/UyHop5p70iEbGhB7q5KmiZiU0Y3KlJrScEw==
  dependencies:
    "@cspotcode/source-map-support" "^0.8.0"
    "@tsconfig/node10" "^1.0.7"
    "@tsconfig/node12" "^1.0.7"
    "@tsconfig/node14" "^1.0.0"
    "@tsconfig/node16" "^1.0.2"
    acorn "^8.4.1"
    acorn-walk "^8.1.1"
    arg "^4.1.0"
    create-require "^1.1.0"
    diff "^4.0.1"
    make-error "^1.1.1"
    v8-compile-cache-lib "^3.0.1"
    yn "3.1.1"

typescript@^5.2.2:
  version "5.2.2"
  resolved "https://registry.npmjs.org/typescript/-/typescript-5.2.2.tgz"
  integrity sha512-mI4WrpHsbCIcwT9cF4FZvr80QUeKvsUsUvKDoR+X/7XHQH98xYD8YHZg7ANtz2GtZt/CBq2QJ0thkGJMHfqc1w==

uuid@^8.3.2:
  version "8.3.2"
  resolved "https://registry.npmjs.org/uuid/-/uuid-8.3.2.tgz"
  integrity sha512-+NYs2QeMWy+GWFOEm9xnn6HCDp0l7QBD7ml8zLUmJ+93Q5NF0NocErnwkTkXVFNiX3/fpC6afS8Dhb/gz7R7eg==

v8-compile-cache-lib@^3.0.1:
  version "3.0.1"
  resolved "https://registry.yarnpkg.com/v8-compile-cache-lib/-/v8-compile-cache-lib-3.0.1.tgz#6336e8d71965cb3d35a1bbb7868445a7c05264bf"
  integrity sha512-wa7YjyUGfNZngI/vtK0UHAN+lgDCxBPCylVXGp0zu59Fz5aiGtNXaq3DhIov063MorB+VfufLh3JlF2KdTK3xg==

whatwg-mimetype@3.0.0:
  version "3.0.0"
  resolved "https://registry.npmjs.org/whatwg-mimetype/-/whatwg-mimetype-3.0.0.tgz"
  integrity sha512-nt+N2dzIutVRxARx1nghPKGv1xHikU7HKdfafKkLNLindmPU/ch3U31NOCGGA/dmPcmb1VlofO0vnKAcsm0o/Q==

wrappy@1:
  version "1.0.2"
  resolved "https://registry.npmjs.org/wrappy/-/wrappy-1.0.2.tgz"
  integrity sha512-l4Sp/DRseor9wL6EvV2+TuQn63dMkPjZ/sp9XkghTEbV9KlPS1xUsZ3u7/IQO4wxtcFB4bgpQPRcR3QCvezPcQ==

xml-crypto@^3.0.0:
  version "3.2.0"
  resolved "https://registry.npmjs.org/xml-crypto/-/xml-crypto-3.2.0.tgz"
  integrity sha512-qVurBUOQrmvlgmZqIVBqmb06TD2a/PpEUfFPgD7BuBfjmoH4zgkqaWSIJrnymlCvM2GGt9x+XtJFA+ttoAufqg==
  dependencies:
    "@xmldom/xmldom" "^0.8.8"
    xpath "0.0.32"

xpath@0.0.32:
  version "0.0.32"
  resolved "https://registry.npmjs.org/xpath/-/xpath-0.0.32.tgz"
  integrity sha512-rxMJhSIoiO8vXcWvSifKqhvV96GjiD5wYb8/QHdoRyQvraTpp4IEv944nhGausZZ3u7dhQXteZuZbaqfpB7uYw==

yn@3.1.1:
  version "3.1.1"
  resolved "https://registry.yarnpkg.com/yn/-/yn-3.1.1.tgz#1e87401a09d767c1d5eab26a6e4c185182d2eb50"
  integrity sha512-Ux4ygGWsu2c7isFWe8Yu1YluJmqVhxqK2cLXNQA5AcC3QfbGNpM7fu0Y8b/z16pXLnFxZYvWhd3fhBY9DLmC6Q==
